
Microsoft Visual Studio Solution File, Format Version 12.00
# Visual Studio Version 17
VisualStudioVersion = 17.11.35303.130
MinimumVisualStudioVersion = 10.0.40219.1
Project("{FAE04EC0-301F-11D3-BF4B-00C04F79EFBC}") = "MerchantQuest", "MerchantQuest\MerchantQuest.csproj", "{E2C35A1D-E317-4EDB-8D12-1AA8AA929B11}"
EndProject
Global
	GlobalSection(SolutionConfigurationPlatforms) = preSolution
		Debug|Any CPU = Debug|Any CPU
		Release|Any CPU = Release|Any CPU
	EndGlobalSection
	GlobalSection(ProjectConfigurationPlatforms) = postSolution
		{E2C35A1D-E317-4EDB-8D12-1AA8AA929B11}.Debug|Any CPU.ActiveCfg = Debug|Any CPU
		{E2C35A1D-E317-4EDB-8D12-1AA8AA929B11}.Debug|Any CPU.Build.0 = Debug|Any CPU
		{E2C35A1D-E317-4EDB-8D12-1AA8AA929B11}.Release|Any CPU.ActiveCfg = Release|Any CPU
		{E2C35A1D-E317-4EDB-8D12-1AA8AA929B11}.Release|Any CPU.Build.0 = Release|Any CPU
	EndGlobalSection
	GlobalSection(SolutionProperties) = preSolution
		HideSolutionNode = FALSE
	EndGlobalSection
	GlobalSection(ExtensibilityGlobals) = postSolution
		SolutionGuid = {EE6E6A2F-1EC3-4689-A0C3-FA92F22BAE61}
	EndGlobalSection
EndGlobal
